<?xml version="1.0" encoding="utf-8"?>
<Project ToolsVersion="4.0" xmlns="http://schemas.microsoft.com/developer/msbuild/2003">
  <ItemGroup>
    <FxCompile Include="PixelShader.hlsl" />
    <FxCompile Include="PixelShaderTest.hlsl" />
    <FxCompile Include="VertexShader.hlsl" />
    <FxCompile Include="VertexShaderTest.hlsl" />
  </ItemGroup>
  <ItemGroup>
    <ClCompile Include="Base_Character.cpp" />
    <ClCompile Include="Base_Spell.cpp" />
    <ClCompile Include="Project.cpp" />
    <ClCompile Include="renderer.cpp" />
    <ClCompile Include="WICTextureLoader.cpp" />
    <ClCompile Include="XTime.cpp" />
  </ItemGroup>
  <ItemGroup>
    <ClInclude Include="Base_Character.h" />
    <ClInclude Include="Base_Spell.h" />
    <ClInclude Include="basic_structs.h" />
    <ClInclude Include="Ben_funcs.h" />
    <ClInclude Include="Ben_structs.h" />
    <ClInclude Include="header.h" />
    <ClInclude Include="Project.h" />
    <ClInclude Include="renderer.h" />
    <ClInclude Include="renderer_impl.h" />
    <ClInclude Include="renderer_structs.h" />
    <ClInclude Include="resource.h" />
    <ClInclude Include="targetver.h" />
    <ClInclude Include="view.h" />
    <ClInclude Include="WICTextureLoader.h" />
    <ClInclude Include="XTime.h" />
  </ItemGroup>
  <ItemGroup>
    <ResourceCompile Include="Project.rc" />
  </ItemGroup>
  <ItemGroup>
    <Image Include="Project.ico" />
    <Image Include="small.ico" />
  </ItemGroup>
  <ItemGroup>
    <Filter Include="NewFilter1">
      <UniqueIdentifier>{6b4836f1-aed7-47f2-8e25-53540efdb24e}</UniqueIdentifier>
    </Filter>
  </ItemGroup>
</Project>