<?xml version="1.0" encoding="utf-8"?>
<Project ToolsVersion="4.0" xmlns="http://schemas.microsoft.com/developer/msbuild/2003">
  <ItemGroup>
    <Filter Include="Source Files">
      <UniqueIdentifier>{4FC737F1-C7A5-4376-A066-2A32D752A2FF}</UniqueIdentifier>
      <Extensions>cpp;c;cc;cxx;def;odl;idl;hpj;bat;asm;asmx</Extensions>
    </Filter>
    <Filter Include="Header Files">
      <UniqueIdentifier>{93995380-89BD-4b04-88EB-625FBE52EBFB}</UniqueIdentifier>
      <Extensions>h;hh;hpp;hxx;hm;inl;inc;xsd</Extensions>
    </Filter>
    <Filter Include="Resource Files">
      <UniqueIdentifier>{67DA6AB6-F800-4c08-8B7A-83BB121AAD01}</UniqueIdentifier>
      <Extensions>rc;ico;cur;bmp;dlg;rc2;rct;bin;rgs;gif;jpg;jpeg;jpe;resx;tiff;tif;png;wav;mfcribbon-ms</Extensions>
    </Filter>
    <Filter Include="Renderer">
      <UniqueIdentifier>{cbf34b50-e45d-4bc7-b811-64ff358a2f75}</UniqueIdentifier>
    </Filter>
    <Filter Include="Modules">
      <UniqueIdentifier>{5fb68add-0dfc-419c-9092-b1a4a18d0fec}</UniqueIdentifier>
    </Filter>
    <Filter Include="Modules\Characters">
      <UniqueIdentifier>{29cf2def-cee5-40ef-99ff-4066a0a4409e}</UniqueIdentifier>
    </Filter>
    <Filter Include="Modules\Spells">
      <UniqueIdentifier>{089351cd-a435-42e5-aae7-57b76231822f}</UniqueIdentifier>
    </Filter>
    <Filter Include="Physics">
      <UniqueIdentifier>{d527240c-b9b7-4b5a-a3f6-d99928294744}</UniqueIdentifier>
    </Filter>
    <Filter Include="Assets">
      <UniqueIdentifier>{b3fba42c-6064-4457-9fce-160e6eeb493d}</UniqueIdentifier>
    </Filter>
    <Filter Include="Assets\Audio">
      <UniqueIdentifier>{c8efb2c4-752a-466d-9b78-1b2eaf2577c6}</UniqueIdentifier>
    </Filter>
    <Filter Include="Assets\Helper">
      <UniqueIdentifier>{873d0947-7615-4136-adf0-515e575564fa}</UniqueIdentifier>
    </Filter>
    <Filter Include="Helper">
      <UniqueIdentifier>{0be4e6ae-7958-439b-aeb0-4e693bb65b7a}</UniqueIdentifier>
    </Filter>
    <Filter Include="Renderer\Code">
      <UniqueIdentifier>{004fe698-c3f7-44b9-a9e3-043b74d474ae}</UniqueIdentifier>
    </Filter>
    <Filter Include="Renderer\Pixel">
      <UniqueIdentifier>{a4d6a664-4c74-4c20-af7f-99d34a45b397}</UniqueIdentifier>
    </Filter>
    <Filter Include="Renderer\Vertex">
      <UniqueIdentifier>{ff52454c-38e7-4fa6-87b7-159e582e940e}</UniqueIdentifier>
    </Filter>
  </ItemGroup>
  <ItemGroup>
    <ClInclude Include="header.h">
      <Filter>Header Files</Filter>
    </ClInclude>
    <ClInclude Include="targetver.h">
      <Filter>Header Files</Filter>
    </ClInclude>
    <ClInclude Include="resource.h">
      <Filter>Header Files</Filter>
    </ClInclude>
    <ClInclude Include="Project.h">
      <Filter>Header Files</Filter>
    </ClInclude>
    <ClInclude Include="Base_Character.h">
      <Filter>Modules\Characters</Filter>
    </ClInclude>
    <ClInclude Include="Base_Spell.h">
      <Filter>Modules\Spells</Filter>
    </ClInclude>
    <ClInclude Include="XTime.h">
      <Filter>Helper</Filter>
    </ClInclude>
    <ClInclude Include="basic_structs.h">
      <Filter>Helper</Filter>
    </ClInclude>
    <ClInclude Include="math_conversion.h">
      <Filter>Helper</Filter>
    </ClInclude>
    <ClInclude Include="physic_structs.h">
      <Filter>Physics</Filter>
    </ClInclude>
    <ClInclude Include="collisions.h">
      <Filter>Physics</Filter>
    </ClInclude>
    <ClInclude Include="DDSTextureLoader.h">
      <Filter>Assets\Helper</Filter>
    </ClInclude>
    <ClInclude Include="binary_reader.h">
      <Filter>Assets\Helper</Filter>
    </ClInclude>
    <ClInclude Include="dopeSoundSystem.h">
      <Filter>Assets\Audio</Filter>
    </ClInclude>
    <ClInclude Include="WICTextureLoader.h">
      <Filter>Assets\Helper</Filter>
    </ClInclude>
    <ClInclude Include="renderer.h">
      <Filter>Renderer\Code</Filter>
    </ClInclude>
    <ClInclude Include="renderer_impl.h">
      <Filter>Renderer\Code</Filter>
    </ClInclude>
    <ClInclude Include="renderer_structs.h">
      <Filter>Renderer\Code</Filter>
    </ClInclude>
    <ClInclude Include="view.h">
      <Filter>Renderer\Code</Filter>
    </ClInclude>
  </ItemGroup>
  <ItemGroup>
    <ClCompile Include="Project.cpp">
      <Filter>Source Files</Filter>
    </ClCompile>
    <ClCompile Include="Base_Character.cpp">
      <Filter>Modules\Characters</Filter>
    </ClCompile>
    <ClCompile Include="Base_Spell.cpp">
      <Filter>Modules\Spells</Filter>
    </ClCompile>
    <ClCompile Include="XTime.cpp">
      <Filter>Helper</Filter>
    </ClCompile>
    <ClCompile Include="collisions.cpp">
      <Filter>Physics</Filter>
    </ClCompile>
    <ClCompile Include="DDSTextureLoader.cpp">
      <Filter>Assets\Helper</Filter>
    </ClCompile>
    <ClCompile Include="binary_reader.cpp">
      <Filter>Assets\Helper</Filter>
    </ClCompile>
    <ClCompile Include="dopeSoundSystem.cpp">
      <Filter>Assets\Audio</Filter>
    </ClCompile>
    <ClCompile Include="WICTextureLoader.cpp">
      <Filter>Assets\Helper</Filter>
    </ClCompile>
    <ClCompile Include="renderer.cpp">
      <Filter>Renderer\Code</Filter>
    </ClCompile>
  </ItemGroup>
  <ItemGroup>
    <ResourceCompile Include="Project.rc">
      <Filter>Resource Files</Filter>
    </ResourceCompile>
  </ItemGroup>
  <ItemGroup>
    <Image Include="small.ico">
      <Filter>Resource Files</Filter>
    </Image>
    <Image Include="Project.ico">
      <Filter>Resource Files</Filter>
    </Image>
  </ItemGroup>
  <ItemGroup>
    <FxCompile Include="PixelShader_Screen.hlsl">
      <Filter>Renderer\Pixel</Filter>
    </FxCompile>
    <FxCompile Include="PixelShader_Mage.hlsl">
      <Filter>Renderer\Pixel</Filter>
    </FxCompile>
    <FxCompile Include="PixelShader.hlsl">
      <Filter>Renderer\Pixel</Filter>
    </FxCompile>
    <FxCompile Include="VertexShader.hlsl">
      <Filter>Renderer\Vertex</Filter>
    </FxCompile>
    <FxCompile Include="VertexShader_Bullet.hlsl">
      <Filter>Renderer\Vertex</Filter>
    </FxCompile>
  </ItemGroup>
</Project>